{
  "name": "aia",
  "version": "0.1.0",
  "lockfileVersion": 3,
  "requires": true,
  "packages": {
    "": {
      "name": "aia",
      "version": "0.1.0",
      "dependencies": {
        "hono": "^4.7.8"
      },
      "devDependencies": {
        "@cloudflare/workers-types": "^4.20240404.0"
      }
    },
    "node_modules/@cloudflare/workers-types": {
      "version": "4.20250429.0",
      "resolved": "https://registry.npmjs.org/@cloudflare/workers-types/-/workers-types-4.20250429.0.tgz",
      "integrity": "sha512-NoIo8fxVxwhzftxVVeE6bZYAQmQfgZq5VSP0GUmUW5CYq5L4mttzewm2vX5cfaRzMkFxb7Z8Q0YjSMm3Y+Dpsg==",
      "dev": true
    },
    "node_modules/hono": {
      "version": "4.7.8",
      "resolved": "https://registry.npmjs.org/hono/-/hono-4.7.8.tgz",
      "integrity": "sha512-PCibtFdxa7/Ldud9yddl1G81GjYaeMYYTq4ywSaNsYbB1Lug4mwtOMJf2WXykL0pntYwmpRJeOI3NmoDgD+Jxw==",
      "engines": {
        "node": ">=16.9.0"
      }
    }
  }
}
